
Microsoft Visual Studio Solution File, Format Version 12.00
# Visual Studio 15
VisualStudioVersion = 15.0.27428.1
MinimumVisualStudioVersion = 10.0.40219.1
Project("{FAE04EC0-301F-11D3-BF4B-00C04F79EFBC}") = "DemoKlasser", "DemoKlasser\DemoKlasser.csproj", "{3450F508-1F05-453D-886F-FB2B22DD9162}"
EndProject
Project("{FAE04EC0-301F-11D3-BF4B-00C04F79EFBC}") = "PraktikopgaverKlasser", "Klasser\PraktikopgaverKlasser.csproj", "{0EB1041E-583B-4F81-B31A-468B53C784C6}"
EndProject
Global
	GlobalSection(SolutionConfigurationPlatforms) = preSolution
		Debug|Any CPU = Debug|Any CPU
		Release|Any CPU = Release|Any CPU
	EndGlobalSection
	GlobalSection(ProjectConfigurationPlatforms) = postSolution
		{3450F508-1F05-453D-886F-FB2B22DD9162}.Debug|Any CPU.ActiveCfg = Debug|Any CPU
		{3450F508-1F05-453D-886F-FB2B22DD9162}.Debug|Any CPU.Build.0 = Debug|Any CPU
		{3450F508-1F05-453D-886F-FB2B22DD9162}.Release|Any CPU.ActiveCfg = Release|Any CPU
		{3450F508-1F05-453D-886F-FB2B22DD9162}.Release|Any CPU.Build.0 = Release|Any CPU
		{0EB1041E-583B-4F81-B31A-468B53C784C6}.Debug|Any CPU.ActiveCfg = Debug|Any CPU
		{0EB1041E-583B-4F81-B31A-468B53C784C6}.Debug|Any CPU.Build.0 = Debug|Any CPU
		{0EB1041E-583B-4F81-B31A-468B53C784C6}.Release|Any CPU.ActiveCfg = Release|Any CPU
		{0EB1041E-583B-4F81-B31A-468B53C784C6}.Release|Any CPU.Build.0 = Release|Any CPU
	EndGlobalSection
	GlobalSection(SolutionProperties) = preSolution
		HideSolutionNode = FALSE
	EndGlobalSection
	GlobalSection(ExtensibilityGlobals) = postSolution
		SolutionGuid = {A0A3FAE3-480C-4B1F-AEBD-E68E25CC39B6}
	EndGlobalSection
EndGlobal
