
Microsoft Visual Studio Solution File, Format Version 12.00
# Visual Studio 15
VisualStudioVersion = 15.0.27428.1
MinimumVisualStudioVersion = 10.0.40219.1
Project("{FAE04EC0-301F-11D3-BF4B-00C04F79EFBC}") = "DemoExceptionHandling", "DemoExceptionHandling\DemoExceptionHandling.csproj", "{9784FF80-D9D6-4361-AA4E-22218BC930B1}"
EndProject
Project("{FAE04EC0-301F-11D3-BF4B-00C04F79EFBC}") = "PraktikopgaverExceptionHandling", "PraktikopgaveExceptionHandling\PraktikopgaverExceptionHandling.csproj", "{4B26A072-F98F-40D5-95FA-B995E7EEF7FA}"
EndProject
Global
	GlobalSection(SolutionConfigurationPlatforms) = preSolution
		Debug|Any CPU = Debug|Any CPU
		Release|Any CPU = Release|Any CPU
	EndGlobalSection
	GlobalSection(ProjectConfigurationPlatforms) = postSolution
		{9784FF80-D9D6-4361-AA4E-22218BC930B1}.Debug|Any CPU.ActiveCfg = Debug|Any CPU
		{9784FF80-D9D6-4361-AA4E-22218BC930B1}.Debug|Any CPU.Build.0 = Debug|Any CPU
		{9784FF80-D9D6-4361-AA4E-22218BC930B1}.Release|Any CPU.ActiveCfg = Release|Any CPU
		{9784FF80-D9D6-4361-AA4E-22218BC930B1}.Release|Any CPU.Build.0 = Release|Any CPU
		{4B26A072-F98F-40D5-95FA-B995E7EEF7FA}.Debug|Any CPU.ActiveCfg = Debug|Any CPU
		{4B26A072-F98F-40D5-95FA-B995E7EEF7FA}.Debug|Any CPU.Build.0 = Debug|Any CPU
		{4B26A072-F98F-40D5-95FA-B995E7EEF7FA}.Release|Any CPU.ActiveCfg = Release|Any CPU
		{4B26A072-F98F-40D5-95FA-B995E7EEF7FA}.Release|Any CPU.Build.0 = Release|Any CPU
	EndGlobalSection
	GlobalSection(SolutionProperties) = preSolution
		HideSolutionNode = FALSE
	EndGlobalSection
	GlobalSection(ExtensibilityGlobals) = postSolution
		SolutionGuid = {D7175A9E-1CE9-46DC-BFC8-72633E5595F6}
	EndGlobalSection
EndGlobal
