
Microsoft Visual Studio Solution File, Format Version 12.00
# Visual Studio 15
VisualStudioVersion = 15.0.27428.1
MinimumVisualStudioVersion = 10.0.40219.1
Project("{FAE04EC0-301F-11D3-BF4B-00C04F79EFBC}") = "DemoLøkker", "DemoLøkker\DemoLøkker.csproj", "{FD984BF1-B593-418C-BBA9-54E3CE0D497A}"
EndProject
Project("{FAE04EC0-301F-11D3-BF4B-00C04F79EFBC}") = "PraktikopgaverLøkker", "PraktikopgaverLøkker\PraktikopgaverLøkker.csproj", "{9B1498B3-565C-461C-BF9B-DF5B6CA60AA6}"
EndProject
Global
	GlobalSection(SolutionConfigurationPlatforms) = preSolution
		Debug|Any CPU = Debug|Any CPU
		Release|Any CPU = Release|Any CPU
	EndGlobalSection
	GlobalSection(ProjectConfigurationPlatforms) = postSolution
		{FD984BF1-B593-418C-BBA9-54E3CE0D497A}.Debug|Any CPU.ActiveCfg = Debug|Any CPU
		{FD984BF1-B593-418C-BBA9-54E3CE0D497A}.Debug|Any CPU.Build.0 = Debug|Any CPU
		{FD984BF1-B593-418C-BBA9-54E3CE0D497A}.Release|Any CPU.ActiveCfg = Release|Any CPU
		{FD984BF1-B593-418C-BBA9-54E3CE0D497A}.Release|Any CPU.Build.0 = Release|Any CPU
		{9B1498B3-565C-461C-BF9B-DF5B6CA60AA6}.Debug|Any CPU.ActiveCfg = Debug|Any CPU
		{9B1498B3-565C-461C-BF9B-DF5B6CA60AA6}.Debug|Any CPU.Build.0 = Debug|Any CPU
		{9B1498B3-565C-461C-BF9B-DF5B6CA60AA6}.Release|Any CPU.ActiveCfg = Release|Any CPU
		{9B1498B3-565C-461C-BF9B-DF5B6CA60AA6}.Release|Any CPU.Build.0 = Release|Any CPU
	EndGlobalSection
	GlobalSection(SolutionProperties) = preSolution
		HideSolutionNode = FALSE
	EndGlobalSection
	GlobalSection(ExtensibilityGlobals) = postSolution
		SolutionGuid = {4A5F08C8-F5F8-4D5A-A960-D08C21067373}
	EndGlobalSection
EndGlobal
